
Microsoft Visual Studio Solution File, Format Version 12.00
# Visual Studio Version 16
VisualStudioVersion = 16.0.31025.194
MinimumVisualStudioVersion = 10.0.40219.1
Project("{FAE04EC0-301F-11D3-BF4B-00C04F79EFBC}") = "Uri1035", "Uri1035\Uri1035.csproj", "{EF6D1C50-A79E-49DA-888F-56F9E461FAA0}"
EndProject
Global
	GlobalSection(SolutionConfigurationPlatforms) = preSolution
		Debug|Any CPU = Debug|Any CPU
		Release|Any CPU = Release|Any CPU
	EndGlobalSection
	GlobalSection(ProjectConfigurationPlatforms) = postSolution
		{EF6D1C50-A79E-49DA-888F-56F9E461FAA0}.Debug|Any CPU.ActiveCfg = Debug|Any CPU
		{EF6D1C50-A79E-49DA-888F-56F9E461FAA0}.Debug|Any CPU.Build.0 = Debug|Any CPU
		{EF6D1C50-A79E-49DA-888F-56F9E461FAA0}.Release|Any CPU.ActiveCfg = Release|Any CPU
		{EF6D1C50-A79E-49DA-888F-56F9E461FAA0}.Release|Any CPU.Build.0 = Release|Any CPU
	EndGlobalSection
	GlobalSection(SolutionProperties) = preSolution
		HideSolutionNode = FALSE
	EndGlobalSection
	GlobalSection(ExtensibilityGlobals) = postSolution
		SolutionGuid = {CD627A50-6901-4D3E-A667-25253C902D09}
	EndGlobalSection
EndGlobal
