
Microsoft Visual Studio Solution File, Format Version 12.00
# Visual Studio Version 16
VisualStudioVersion = 16.0.31025.194
MinimumVisualStudioVersion = 10.0.40219.1
Project("{FAE04EC0-301F-11D3-BF4B-00C04F79EFBC}") = "Uri1019", "Uri1019\Uri1019.csproj", "{54FF67A1-336A-49FA-AD70-8BF52E6004CA}"
EndProject
Global
	GlobalSection(SolutionConfigurationPlatforms) = preSolution
		Debug|Any CPU = Debug|Any CPU
		Release|Any CPU = Release|Any CPU
	EndGlobalSection
	GlobalSection(ProjectConfigurationPlatforms) = postSolution
		{54FF67A1-336A-49FA-AD70-8BF52E6004CA}.Debug|Any CPU.ActiveCfg = Debug|Any CPU
		{54FF67A1-336A-49FA-AD70-8BF52E6004CA}.Debug|Any CPU.Build.0 = Debug|Any CPU
		{54FF67A1-336A-49FA-AD70-8BF52E6004CA}.Release|Any CPU.ActiveCfg = Release|Any CPU
		{54FF67A1-336A-49FA-AD70-8BF52E6004CA}.Release|Any CPU.Build.0 = Release|Any CPU
	EndGlobalSection
	GlobalSection(SolutionProperties) = preSolution
		HideSolutionNode = FALSE
	EndGlobalSection
	GlobalSection(ExtensibilityGlobals) = postSolution
		SolutionGuid = {F133F2E3-9BC9-4A60-942F-5B980E9A4526}
	EndGlobalSection
EndGlobal
