
Microsoft Visual Studio Solution File, Format Version 12.00
# Visual Studio Version 16
VisualStudioVersion = 16.0.31025.194
MinimumVisualStudioVersion = 10.0.40219.1
Project("{FAE04EC0-301F-11D3-BF4B-00C04F79EFBC}") = "Uri1116", "Uri1116\Uri1116.csproj", "{57566929-9B8C-4027-94E1-35DBD75FAF6E}"
EndProject
Global
	GlobalSection(SolutionConfigurationPlatforms) = preSolution
		Debug|Any CPU = Debug|Any CPU
		Release|Any CPU = Release|Any CPU
	EndGlobalSection
	GlobalSection(ProjectConfigurationPlatforms) = postSolution
		{57566929-9B8C-4027-94E1-35DBD75FAF6E}.Debug|Any CPU.ActiveCfg = Debug|Any CPU
		{57566929-9B8C-4027-94E1-35DBD75FAF6E}.Debug|Any CPU.Build.0 = Debug|Any CPU
		{57566929-9B8C-4027-94E1-35DBD75FAF6E}.Release|Any CPU.ActiveCfg = Release|Any CPU
		{57566929-9B8C-4027-94E1-35DBD75FAF6E}.Release|Any CPU.Build.0 = Release|Any CPU
	EndGlobalSection
	GlobalSection(SolutionProperties) = preSolution
		HideSolutionNode = FALSE
	EndGlobalSection
	GlobalSection(ExtensibilityGlobals) = postSolution
		SolutionGuid = {E2172738-3CCD-472B-861A-45F24EEE0CE8}
	EndGlobalSection
EndGlobal
