
Microsoft Visual Studio Solution File, Format Version 12.00
# Visual Studio Version 16
VisualStudioVersion = 16.0.31025.194
MinimumVisualStudioVersion = 10.0.40219.1
Project("{FAE04EC0-301F-11D3-BF4B-00C04F79EFBC}") = "Uri1009", "Uri1009\Uri1009.csproj", "{BEFEE595-1C4B-46B8-829A-DE6B88B468CE}"
EndProject
Global
	GlobalSection(SolutionConfigurationPlatforms) = preSolution
		Debug|Any CPU = Debug|Any CPU
		Release|Any CPU = Release|Any CPU
	EndGlobalSection
	GlobalSection(ProjectConfigurationPlatforms) = postSolution
		{BEFEE595-1C4B-46B8-829A-DE6B88B468CE}.Debug|Any CPU.ActiveCfg = Debug|Any CPU
		{BEFEE595-1C4B-46B8-829A-DE6B88B468CE}.Debug|Any CPU.Build.0 = Debug|Any CPU
		{BEFEE595-1C4B-46B8-829A-DE6B88B468CE}.Release|Any CPU.ActiveCfg = Release|Any CPU
		{BEFEE595-1C4B-46B8-829A-DE6B88B468CE}.Release|Any CPU.Build.0 = Release|Any CPU
	EndGlobalSection
	GlobalSection(SolutionProperties) = preSolution
		HideSolutionNode = FALSE
	EndGlobalSection
	GlobalSection(ExtensibilityGlobals) = postSolution
		SolutionGuid = {5C1A3FBF-89D7-489C-9A73-1348CB67CEE3}
	EndGlobalSection
EndGlobal
