
Microsoft Visual Studio Solution File, Format Version 12.00
# Visual Studio Version 16
VisualStudioVersion = 16.0.31025.194
MinimumVisualStudioVersion = 10.0.40219.1
Project("{FAE04EC0-301F-11D3-BF4B-00C04F79EFBC}") = "Uri1048", "Uri1048\Uri1048.csproj", "{DEE48329-FB9C-484F-8C1B-A9D1B774EAD7}"
EndProject
Global
	GlobalSection(SolutionConfigurationPlatforms) = preSolution
		Debug|Any CPU = Debug|Any CPU
		Release|Any CPU = Release|Any CPU
	EndGlobalSection
	GlobalSection(ProjectConfigurationPlatforms) = postSolution
		{DEE48329-FB9C-484F-8C1B-A9D1B774EAD7}.Debug|Any CPU.ActiveCfg = Debug|Any CPU
		{DEE48329-FB9C-484F-8C1B-A9D1B774EAD7}.Debug|Any CPU.Build.0 = Debug|Any CPU
		{DEE48329-FB9C-484F-8C1B-A9D1B774EAD7}.Release|Any CPU.ActiveCfg = Release|Any CPU
		{DEE48329-FB9C-484F-8C1B-A9D1B774EAD7}.Release|Any CPU.Build.0 = Release|Any CPU
	EndGlobalSection
	GlobalSection(SolutionProperties) = preSolution
		HideSolutionNode = FALSE
	EndGlobalSection
	GlobalSection(ExtensibilityGlobals) = postSolution
		SolutionGuid = {A7202ACE-6106-40F2-B5D4-EBD5246B69AA}
	EndGlobalSection
EndGlobal
